
Microsoft Visual Studio Solution File, Format Version 12.00
# Visual Studio Version 16
VisualStudioVersion = 16.0.30114.105
MinimumVisualStudioVersion = 10.0.40219.1
Project("{FAE04EC0-301F-11D3-BF4B-00C04F79EFBC}") = "CryptoWallet", "CryptoWallet\CryptoWallet.csproj", "{E2EBCA31-B178-4D60-8C78-85737F3708FD}"
EndProject
Global
	GlobalSection(SolutionConfigurationPlatforms) = preSolution
		Debug|Any CPU = Debug|Any CPU
		Release|Any CPU = Release|Any CPU
	EndGlobalSection
	GlobalSection(ProjectConfigurationPlatforms) = postSolution
		{E2EBCA31-B178-4D60-8C78-85737F3708FD}.Debug|Any CPU.ActiveCfg = Debug|Any CPU
		{E2EBCA31-B178-4D60-8C78-85737F3708FD}.Debug|Any CPU.Build.0 = Debug|Any CPU
		{E2EBCA31-B178-4D60-8C78-85737F3708FD}.Release|Any CPU.ActiveCfg = Release|Any CPU
		{E2EBCA31-B178-4D60-8C78-85737F3708FD}.Release|Any CPU.Build.0 = Release|Any CPU
	EndGlobalSection
	GlobalSection(SolutionProperties) = preSolution
		HideSolutionNode = FALSE
	EndGlobalSection
	GlobalSection(ExtensibilityGlobals) = postSolution
		SolutionGuid = {ACFF74AA-9FC1-4200-9BB1-A3CA7CC4B302}
	EndGlobalSection
EndGlobal
